// !$*UTF8*$!
{
	archiveVersion = 1;
	classes = {
	};
	objectVersion = 46;
	objects = {

/* Begin PBXBuildFile section */
		121CAEB51C0A1F61001AB797 /* AppDelegate.swift in Sources */ = {isa = PBXBuildFile; fileRef = 121CAEB41C0A1F61001AB797 /* AppDelegate.swift */; };
		121CAEB71C0A1F61001AB797 /* ViewController.swift in Sources */ = {isa = PBXBuildFile; fileRef = 121CAEB61C0A1F61001AB797 /* ViewController.swift */; };
		121CAEBA1C0A1F61001AB797 /* Main.storyboard in Resources */ = {isa = PBXBuildFile; fileRef = 121CAEB81C0A1F61001AB797 /* Main.storyboard */; };
		121CAEBC1C0A1F61001AB797 /* Assets.xcassets in Resources */ = {isa = PBXBuildFile; fileRef = 121CAEBB1C0A1F61001AB797 /* Assets.xcassets */; };
		121CAEBF1C0A1F61001AB797 /* LaunchScreen.storyboard in Resources */ = {isa = PBXBuildFile; fileRef = 121CAEBD1C0A1F61001AB797 /* LaunchScreen.storyboard */; };
/* End PBXBuildFile section */

/* Begin PBXFileReference section */
		121CAEB11C0A1F61001AB797 /* zipAddress.app */ = {isa = PBXFileReference; explicitFileType = wrapper.application; includeInIndex = 0; path = zipAddress.app; sourceTree = BUILT_PRODUCTS_DIR; };
		121CAEB41C0A1F61001AB797 /* AppDelegate.swift */ = {isa = PBXFileReference; lastKnownFileType = sourcecode.swift; path = AppDelegate.swift; sourceTree = "<group>"; };
		121CAEB61C0A1F61001AB797 /* ViewController.swift */ = {isa = PBXFileReference; lastKnownFileType = sourcecode.swift; path = ViewController.swift; sourceTree = "<group>"; };
		121CAEB91C0A1F61001AB797 /* Base */ = {isa = PBXFileReference; lastKnownFileType = file.storyboard; name = Base; path = Base.lproj/Main.storyboard; sourceTree = "<group>"; };
		121CAEBB1C0A1F61001AB797 /* Assets.xcassets */ = {isa = PBXFileReference; lastKnownFileType = folder.assetcatalog; path = Assets.xcassets; sourceTree = "<group>"; };
		121CAEBE1C0A1F61001AB797 /* Base */ = {isa = PBXFileReference; lastKnownFileType = file.storyboard; name = Base; path = Base.lproj/LaunchScreen.storyboard; sourceTree = "<group>"; };
		121CAEC01C0A1F61001AB797 /* Info.plist */ = {isa = PBXFileReference; lastKnownFileType = text.plist.xml; path = Info.plist; sourceTree = "<group>"; };
/* End PBXFileReference section */

/* Begin PBXFrameworksBuildPhase section */
		121CAEAE1C0A1F61001AB797 /* Frameworks */ = {
			isa = PBXFrameworksBuildPhase;
			buildActionMask = 2147483647;
			files = (
			);
			runOnlyForDeploymentPostprocessing = 0;
		};
/* End PBXFrameworksBuildPhase section */

/* Begin PBXGroup section */
		121CAEA81C0A1F61001AB797 = {
			isa = PBXGroup;
			children = (
				121CAEB31C0A1F61001AB797 /* zipAddress */,
				121CAEB21C0A1F61001AB797 /* Products */,
			);
			sourceTree = "<group>";
		};
		121CAEB21C0A1F61001AB797 /* Products */ = {
			isa = PBXGroup;
			children = (
				121CAEB11C0A1F61001AB797 /* zipAddress.app */,
			);
			name = Products;
			sourceTree = "<group>";
		};
		121CAEB31C0A1F61001AB797 /* zipAddress */ = {
			isa = PBXGroup;
			children = (
				121CAEB41C0A1F61001AB797 /* AppDelegate.swift */,
				121CAEB61C0A1F61001AB797 /* ViewController.swift */,
				121CAEB81C0A1F61001AB797 /* Main.storyboard */,
				121CAEBB1C0A1F61001AB797 /* Assets.xcassets */,
				121CAEBD1C0A1F61001AB797 /* LaunchScreen.storyboard */,
				121CAEC01C0A1F61001AB797 /* Info.plist */,
			);
			path = zipAddress;
			sourceTree = "<group>";
		};
/* End PBXGroup section */

/* Begin PBXNativeTarget section */
		121CAEB01C0A1F61001AB797 /* zipAddress */ = {
			isa = PBXNativeTarget;
			buildConfigurationList = 121CAEC31C0A1F61001AB797 /* Build configuration list for PBXNativeTarget "zipAddress" */;
			buildPhases = (
				121CAEAD1C0A1F61001AB797 /* Sources */,
				121CAEAE1C0A1F61001AB797 /* Frameworks */,
				121CAEAF1C0A1F61001AB797 /* Resources */,
			);
			buildRules = (
			);
			dependencies = (
			);
			name = zipAddress;
			productName = zipAddress;
			productReference = 121CAEB11C0A1F61001AB797 /* zipAddress.app */;
			productType = "com.apple.product-type.application";
		};
/* End PBXNativeTarget section */

/* Begin PBXProject section */
		121CAEA91C0A1F61001AB797 /* Project object */ = {
			isa = PBXProject;
			attributes = {
				LastSwiftUpdateCheck = 0710;
				LastUpgradeCheck = 0710;
				ORGANIZATIONNAME = takayoshi;
				TargetAttributes = {
					121CAEB01C0A1F61001AB797 = {
						CreatedOnToolsVersion = 7.1.1;
						DevelopmentTeam = WDGNZV9492;
					};
				};
			};
			buildConfigurationList = 121CAEAC1C0A1F61001AB797 /* Build configuration list for PBXProject "zipAddress" */;
			compatibilityVersion = "Xcode 3.2";
			developmentRegion = English;
			hasScannedForEncodings = 0;
			knownRegions = (
				en,
				Base,
			);
			mainGroup = 121CAEA81C0A1F61001AB797;
			productRefGroup = 121CAEB21C0A1F61001AB797 /* Products */;
			projectDirPath = "";
			projectRoot = "";
			targets = (
				121CAEB01C0A1F61001AB797 /* zipAddress */,
			);
		};
/* End PBXProject section */

/* Begin PBXResourcesBuildPhase section */
		121CAEAF1C0A1F61001AB797 /* Resources */ = {
			isa = PBXResourcesBuildPhase;
			buildActionMask = 2147483647;
			files = (
				121CAEBF1C0A1F61001AB797 /* LaunchScreen.storyboard in Resources */,
				121CAEBC1C0A1F61001AB797 /* Assets.xcassets in Resources */,
				121CAEBA1C0A1F61001AB797 /* Main.storyboard in Resources */,
			);
			runOnlyForDeploymentPostprocessing = 0;
		};
/* End PBXResourcesBuildPhase section */

/* Begin PBXSourcesBuildPhase section */
		121CAEAD1C0A1F61001AB797 /* Sources */ = {
			isa = PBXSourcesBuildPhase;
			buildActionMask = 2147483647;
			files = (
				121CAEB71C0A1F61001AB797 /* ViewController.swift in Sources */,
				121CAEB51C0A1F61001AB797 /* AppDelegate.swift in Sources */,
			);
			runOnlyForDeploymentPostprocessing = 0;
		};
/* End PBXSourcesBuildPhase section */

/* Begin PBXVariantGroup section */
		121CAEB81C0A1F61001AB797 /* Main.storyboard */ = {
			isa = PBXVariantGroup;
			children = (
				121CAEB91C0A1F61001AB797 /* Base */,
			);
			name = Main.storyboard;
			sourceTree = "<group>";
		};
		121CAEBD1C0A1F61001AB797 /* LaunchScreen.storyboard */ = {
			isa = PBXVariantGroup;
			children = (
				121CAEBE1C0A1F61001AB797 /* Base */,
			);
			name = LaunchScreen.storyboard;
			sourceTree = "<group>";
		};
/* End PBXVariantGroup section */

/* Begin XCBuildConfiguration section */
		121CAEC11C0A1F61001AB797 /* Debug */ = {
			isa = XCBuildConfiguration;
			buildSettings = {
				ALWAYS_SEARCH_USER_PATHS = NO;
				CLANG_CXX_LANGUAGE_STANDARD = "gnu++0x";
				CLANG_CXX_LIBRARY = "libc++";
				CLANG_ENABLE_MODULES = YES;
				CLANG_ENABLE_OBJC_ARC = YES;
				CLANG_WARN_BOOL_CONVERSION = YES;
				CLANG_WARN_CONSTANT_CONVERSION = YES;
				CLANG_WARN_DIRECT_OBJC_ISA_USAGE = YES_ERROR;
				CLANG_WARN_EMPTY_BODY = YES;
				CLANG_WARN_ENUM_CONVERSION = YES;
				CLANG_WARN_INT_CONVERSION = YES;
				CLANG_WARN_OBJC_ROOT_CLASS = YES_ERROR;
				CLANG_WARN_UNREACHABLE_CODE = YES;
				CLANG_WARN__DUPLICATE_METHOD_MATCH = YES;
				"CODE_SIGN_IDENTITY[sdk=iphoneos*]" = "iPhone Developer";
				COPY_PHASE_STRIP = NO;
				DEBUG_INFORMATION_FORMAT = dwarf;
				ENABLE_STRICT_OBJC_MSGSEND = YES;
				ENABLE_TESTABILITY = YES;
				GCC_C_LANGUAGE_STANDARD = gnu99;
				GCC_DYNAMIC_NO_PIC = NO;
				GCC_NO_COMMON_BLOCKS = YES;
				GCC_OPTIMIZATION_LEVEL = 0;
				GCC_PREPROCESSOR_DEFINITIONS = (
					"DEBUG=1",
					"$(inherited)",
				);
				GCC_WARN_64_TO_32_BIT_CONVERSION = YES;
				GCC_WARN_ABOUT_RETURN_TYPE = YES_ERROR;
				GCC_WARN_UNDECLARED_SELECTOR = YES;
				GCC_WARN_UNINITIALIZED_AUTOS = YES_AGGRESSIVE;
				GCC_WARN_UNUSED_FUNCTION = YES;
				GCC_WARN_UNUSED_VARIABLE = YES;
				IPHONEOS_DEPLOYMENT_TARGET = 9.1;
				MTL_ENABLE_DEBUG_INFO = YES;
				ONLY_ACTIVE_ARCH = YES;
				SDKROOT = iphoneos;
				SWIFT_OPTIMIZATION_LEVEL = "-Onone";
			};
			name = Debug;
		};
		121CAEC21C0A1F61001AB797 /* Release */ = {
			isa = XCBuildConfiguration;
			buildSettings = {
				ALWAYS_SEARCH_USER_PATHS = NO;
				CLANG_CXX_LANGUAGE_STANDARD = "gnu++0x";
				CLANG_CXX_LIBRARY = "libc++";
				CLANG_ENABLE_MODULES = YES;
				CLANG_ENABLE_OBJC_ARC = YES;
				CLANG_WARN_BOOL_CONVERSION = YES;
				CLANG_WARN_CONSTANT_CONVERSION = YES;
				CLANG_WARN_DIRECT_OBJC_ISA_USAGE = YES_ERROR;
				CLANG_WARN_EMPTY_BODY = YES;
				CLANG_WARN_ENUM_CONVERSION = YES;
				CLANG_WARN_INT_CONVERSION = YES;
				CLANG_WARN_OBJC_ROOT_CLASS = YES_ERROR;
				CLANG_WARN_UNREACHABLE_CODE = YES;
				CLANG_WARN__DUPLICATE_METHOD_MATCH = YES;
				"CODE_SIGN_IDENTITY[sdk=iphoneos*]" = "iPhone Developer";
				COPY_PHASE_STRIP = NO;
				DEBUG_INFORMATION_FORMAT = "dwarf-with-dsym";
				ENABLE_NS_ASSERTIONS = NO;
				ENABLE_STRICT_OBJC_MSGSEND = YES;
				GCC_C_LANGUAGE_STANDARD = gnu99;
				GCC_NO_COMMON_BLOCKS = YES;
				GCC_WARN_64_TO_32_BIT_CONVERSION = YES;
				GCC_WARN_ABOUT_RETURN_TYPE = YES_ERROR;
				GCC_WARN_UNDECLARED_SELECTOR = YES;
				GCC_WARN_UNINITIALIZED_AUTOS = YES_AGGRESSIVE;
				GCC_WARN_UNUSED_FUNCTION = YES;
				GCC_WARN_UNUSED_VARIABLE = YES;
				IPHONEOS_DEPLOYMENT_TARGET = 9.1;
				MTL_ENABLE_DEBUG_INFO = NO;
				SDKROOT = iphoneos;
				VALIDATE_PRODUCT = YES;
			};
			name = Release;
		};
		121CAEC41C0A1F61001AB797 /* Debug */ = {
			isa = XCBuildConfiguration;
			buildSettings = {
				ASSETCATALOG_COMPILER_APPICON_NAME = AppIcon;
				INFOPLIST_FILE = zipAddress/Info.plist;
				LD_RUNPATH_SEARCH_PATHS = "$(inherited) @executable_path/Frameworks";
				PRODUCT_BUNDLE_IDENTIFIER = com.takayoshi.zipAddress;
				PRODUCT_NAME = "$(TARGET_NAME)";
			};
			name = Debug;
		};
		121CAEC51C0A1F61001AB797 /* Release */ = {
			isa = XCBuildConfiguration;
			buildSettings = {
				ASSETCATALOG_COMPILER_APPICON_NAME = AppIcon;
				INFOPLIST_FILE = zipAddress/Info.plist;
				LD_RUNPATH_SEARCH_PATHS = "$(inherited) @executable_path/Frameworks";
				PRODUCT_BUNDLE_IDENTIFIER = com.takayoshi.zipAddress;
				PRODUCT_NAME = "$(TARGET_NAME)";
			};
			name = Release;
		};
/* End XCBuildConfiguration section */

/* Begin XCConfigurationList section */
		121CAEAC1C0A1F61001AB797 /* Build configuration list for PBXProject "zipAddress" */ = {
			isa = XCConfigurationList;
			buildConfigurations = (
				121CAEC11C0A1F61001AB797 /* Debug */,
				121CAEC21C0A1F61001AB797 /* Release */,
			);
			defaultConfigurationIsVisible = 0;
			defaultConfigurationName = Release;
		};
		121CAEC31C0A1F61001AB797 /* Build configuration list for PBXNativeTarget "zipAddress" */ = {
			isa = XCConfigurationList;
			buildConfigurations = (
				121CAEC41C0A1F61001AB797 /* Debug */,
				121CAEC51C0A1F61001AB797 /* Release */,
			);
			defaultConfigurationIsVisible = 0;
		};
/* End XCConfigurationList section */
	};
	rootObject = 121CAEA91C0A1F61001AB797 /* Project object */;
}
